
Microsoft Visual Studio Solution File, Format Version 12.00
# Visual Studio Version 17
VisualStudioVersion = 17.4.33110.190
MinimumVisualStudioVersion = 10.0.40219.1
Project("{9A19103F-16F7-4668-BE54-9A1E7A4F7556}") = "PersonalAgenda.Domain", "PersonalAgenda.Domain\PersonalAgenda.Domain.csproj", "{881F221B-F144-432C-8700-57E741BEC79F}"
EndProject
Project("{9A19103F-16F7-4668-BE54-9A1E7A4F7556}") = "PersonalAgenda.Interfaces", "PersonalAgenda.Interfaces\PersonalAgenda.Interfaces.csproj", "{F8A9E8A2-F475-483C-85A4-F0C11E261A69}"
EndProject
Project("{9A19103F-16F7-4668-BE54-9A1E7A4F7556}") = "PersonalAgenda.EFDataAccess", "PersonalAgenda.EFDataAccess\PersonalAgenda.EFDataAccess.csproj", "{CC1B2F64-0575-4B7F-9CD6-45F905F7A27D}"
EndProject
Project("{9A19103F-16F7-4668-BE54-9A1E7A4F7556}") = "PersonalAgenda.Api", "PersonalAgenda.Api\PersonalAgenda.Api.csproj", "{11A5DC71-146A-428B-8386-6F2ADFC0953A}"
EndProject
Global
	GlobalSection(SolutionConfigurationPlatforms) = preSolution
		Debug|Any CPU = Debug|Any CPU
		Release|Any CPU = Release|Any CPU
	EndGlobalSection
	GlobalSection(ProjectConfigurationPlatforms) = postSolution
		{881F221B-F144-432C-8700-57E741BEC79F}.Debug|Any CPU.ActiveCfg = Debug|Any CPU
		{881F221B-F144-432C-8700-57E741BEC79F}.Debug|Any CPU.Build.0 = Debug|Any CPU
		{881F221B-F144-432C-8700-57E741BEC79F}.Release|Any CPU.ActiveCfg = Release|Any CPU
		{881F221B-F144-432C-8700-57E741BEC79F}.Release|Any CPU.Build.0 = Release|Any CPU
		{F8A9E8A2-F475-483C-85A4-F0C11E261A69}.Debug|Any CPU.ActiveCfg = Debug|Any CPU
		{F8A9E8A2-F475-483C-85A4-F0C11E261A69}.Debug|Any CPU.Build.0 = Debug|Any CPU
		{F8A9E8A2-F475-483C-85A4-F0C11E261A69}.Release|Any CPU.ActiveCfg = Release|Any CPU
		{F8A9E8A2-F475-483C-85A4-F0C11E261A69}.Release|Any CPU.Build.0 = Release|Any CPU
		{CC1B2F64-0575-4B7F-9CD6-45F905F7A27D}.Debug|Any CPU.ActiveCfg = Debug|Any CPU
		{CC1B2F64-0575-4B7F-9CD6-45F905F7A27D}.Debug|Any CPU.Build.0 = Debug|Any CPU
		{CC1B2F64-0575-4B7F-9CD6-45F905F7A27D}.Release|Any CPU.ActiveCfg = Release|Any CPU
		{CC1B2F64-0575-4B7F-9CD6-45F905F7A27D}.Release|Any CPU.Build.0 = Release|Any CPU
		{11A5DC71-146A-428B-8386-6F2ADFC0953A}.Debug|Any CPU.ActiveCfg = Debug|Any CPU
		{11A5DC71-146A-428B-8386-6F2ADFC0953A}.Debug|Any CPU.Build.0 = Debug|Any CPU
		{11A5DC71-146A-428B-8386-6F2ADFC0953A}.Release|Any CPU.ActiveCfg = Release|Any CPU
		{11A5DC71-146A-428B-8386-6F2ADFC0953A}.Release|Any CPU.Build.0 = Release|Any CPU
	EndGlobalSection
	GlobalSection(SolutionProperties) = preSolution
		HideSolutionNode = FALSE
	EndGlobalSection
	GlobalSection(ExtensibilityGlobals) = postSolution
		SolutionGuid = {384A21AE-8D9B-4C40-AC5A-39455EE09777}
	EndGlobalSection
EndGlobal
